click==8.3.3
datasets==4.8.5
huggingface_hub==1.12.0
hydra-core==1.3.2
hypothesis==6.152.7
mlx-embeddings @ git+https://github.com/Blaizzy/mlx-embeddings@32981fa4e8064ed664b52071789dd18271fe4206
mlx-lm @ git+https://github.com/ml-explore/mlx-lm@ed1fca4cef15a824c5f1702c80f70b4cffc8e4dd
mlx-metal==0.31.2
mlx-vlm @ git+https://github.com/Blaizzy/mlx-vlm@e41cd25565861500e48c076ab31aaeafee0ed80f
mlx==0.31.2
mypy_extensions==1.1.0
mypy==2.1.0
numpy==2.4.4
pandas==3.0.2
psutil==7.2.2
pydantic_core==2.46.3
pydantic==2.13.3
pytest-cov==7.1.0
pytest==9.0.3
rdkit==2026.3.1
ruff==0.15.13
scipy==1.17.1
structlog==25.5.0
torch-ema==0.3
torch==2.12.0
torchaudio==2.11.0
torchmetrics==1.9.0
torchvision==0.27.0
tqdm==4.67.3
